PODS:
  - AFNetworking (4.0.1):
    - AFNetworking/NSURLSession (= 4.0.1)
    - AFNetworking/Reachability (= 4.0.1)
    - AFNetworking/Security (= 4.0.1)
    - AFNetworking/Serialization (= 4.0.1)
    - AFNetworking/UIKit (= 4.0.1)
  - AFNetworking/NSURLSession (4.0.1):
    - AFNetworking/Reachability
    - AFNetworking/Security
    - AFNetworking/Serialization
  - AFNetworking/Reachability (4.0.1)
  - AFNetworking/Security (4.0.1)
  - AFNetworking/Serialization (4.0.1)
  - AFNetworking/UIKit (4.0.1):
    - AFNetworking/NSURLSession
  - WechatOpenSDK (1.8.6.2)

DEPENDENCIES:
  - AFNetworking
  - WechatOpenSDK (~> 1.8.6.2)

SPEC REPOS:
  trunk:
    - AFNetworking
    - WechatOpenSDK

SPEC CHECKSUMS:
  AFNetworking: 7864c38297c79aaca1500c33288e429c3451fdce
  WechatOpenSDK: 8b3ba4239193d1112205c139c94e21934e8f369a

PODFILE CHECKSUM: 485dd9f6313159b4be8a8679275f7035ced28853

COCOAPODS: 1.10.0
